
Microsoft Visual Studio Solution File, Format Version 12.00
# Visual Studio Version 17
VisualStudioVersion = 17.2.32630.192
MinimumVisualStudioVersion = 10.0.40219.1
Project("{FAE04EC0-301F-11D3-BF4B-00C04F79EFBC}") = "五子棋", "五子棋.csproj", "{F98A4D69-A825-4823-962A-04869DCC5826}"
EndProject
Global
	GlobalSection(SolutionConfigurationPlatforms) = preSolution
		Debug|Any CPU = Debug|Any CPU
		Release|Any CPU = Release|Any CPU
	EndGlobalSection
	GlobalSection(ProjectConfigurationPlatforms) = postSolution
		{F98A4D69-A825-4823-962A-04869DCC5826}.Debug|Any CPU.ActiveCfg = Debug|Any CPU
		{F98A4D69-A825-4823-962A-04869DCC5826}.Debug|Any CPU.Build.0 = Debug|Any CPU
		{F98A4D69-A825-4823-962A-04869DCC5826}.Release|Any CPU.ActiveCfg = Release|Any CPU
		{F98A4D69-A825-4823-962A-04869DCC5826}.Release|Any CPU.Build.0 = Release|Any CPU
	EndGlobalSection
	GlobalSection(SolutionProperties) = preSolution
		HideSolutionNode = FALSE
	EndGlobalSection
	GlobalSection(ExtensibilityGlobals) = postSolution
		SolutionGuid = {856E3D1E-A206-469A-8055-E393812A8EEF}
	EndGlobalSection
EndGlobal
